
Microsoft Visual Studio Solution File, Format Version 12.00
# Visual Studio 15
VisualStudioVersion = 15.0.28307.168
MinimumVisualStudioVersion = 10.0.40219.1
Project("{FAE04EC0-301F-11D3-BF4B-00C04F79EFBC}") = "fizzBuzzTree", "fizzBuzzTree\fizzBuzzTree.csproj", "{610E8895-DFC6-4750-A0B2-BC68EB23FF6D}"
EndProject
Project("{FAE04EC0-301F-11D3-BF4B-00C04F79EFBC}") = "fizzBuzzTreeTests", "fizzBuzzTreeTests\fizzBuzzTreeTests.csproj", "{AE4B408A-EBEB-4790-8858-F89E5BA06B12}"
EndProject
Global
	GlobalSection(SolutionConfigurationPlatforms) = preSolution
		Debug|Any CPU = Debug|Any CPU
		Release|Any CPU = Release|Any CPU
	EndGlobalSection
	GlobalSection(ProjectConfigurationPlatforms) = postSolution
		{610E8895-DFC6-4750-A0B2-BC68EB23FF6D}.Debug|Any CPU.ActiveCfg = Debug|Any CPU
		{610E8895-DFC6-4750-A0B2-BC68EB23FF6D}.Debug|Any CPU.Build.0 = Debug|Any CPU
		{610E8895-DFC6-4750-A0B2-BC68EB23FF6D}.Release|Any CPU.ActiveCfg = Release|Any CPU
		{610E8895-DFC6-4750-A0B2-BC68EB23FF6D}.Release|Any CPU.Build.0 = Release|Any CPU
		{AE4B408A-EBEB-4790-8858-F89E5BA06B12}.Debug|Any CPU.ActiveCfg = Debug|Any CPU
		{AE4B408A-EBEB-4790-8858-F89E5BA06B12}.Debug|Any CPU.Build.0 = Debug|Any CPU
		{AE4B408A-EBEB-4790-8858-F89E5BA06B12}.Release|Any CPU.ActiveCfg = Release|Any CPU
		{AE4B408A-EBEB-4790-8858-F89E5BA06B12}.Release|Any CPU.Build.0 = Release|Any CPU
	EndGlobalSection
	GlobalSection(SolutionProperties) = preSolution
		HideSolutionNode = FALSE
	EndGlobalSection
	GlobalSection(ExtensibilityGlobals) = postSolution
		SolutionGuid = {786E3BF6-AACE-41D6-9BA9-22A7366B0E25}
	EndGlobalSection
EndGlobal
